
Microsoft Visual Studio Solution File, Format Version 12.00
# Visual Studio 15
VisualStudioVersion = 15.0.27703.2026
MinimumVisualStudioVersion = 10.0.40219.1
Project("{FAE04EC0-301F-11D3-BF4B-00C04F79EFBC}") = "Edi.TemplateEmail.NetStd", "Edi.TemplateEmail.NetStd\Edi.TemplateEmail.NetStd.csproj", "{5E2EC6D7-ED69-4F15-928D-5E1E315B4099}"
EndProject
Project("{FAE04EC0-301F-11D3-BF4B-00C04F79EFBC}") = "Edi.TemplateEmail.NetStd.TestConsole", "Edi.TemplateEmail.NetStd.TestConsole\Edi.TemplateEmail.NetStd.TestConsole.csproj", "{D1005BBF-3B8D-440D-B5DF-28B937038860}"
EndProject
Global
	GlobalSection(SolutionConfigurationPlatforms) = preSolution
		Debug|Any CPU = Debug|Any CPU
		Release|Any CPU = Release|Any CPU
	EndGlobalSection
	GlobalSection(ProjectConfigurationPlatforms) = postSolution
		{5E2EC6D7-ED69-4F15-928D-5E1E315B4099}.Debug|Any CPU.ActiveCfg = Debug|Any CPU
		{5E2EC6D7-ED69-4F15-928D-5E1E315B4099}.Debug|Any CPU.Build.0 = Debug|Any CPU
		{5E2EC6D7-ED69-4F15-928D-5E1E315B4099}.Release|Any CPU.ActiveCfg = Release|Any CPU
		{5E2EC6D7-ED69-4F15-928D-5E1E315B4099}.Release|Any CPU.Build.0 = Release|Any CPU
		{D1005BBF-3B8D-440D-B5DF-28B937038860}.Debug|Any CPU.ActiveCfg = Debug|Any CPU
		{D1005BBF-3B8D-440D-B5DF-28B937038860}.Debug|Any CPU.Build.0 = Debug|Any CPU
		{D1005BBF-3B8D-440D-B5DF-28B937038860}.Release|Any CPU.ActiveCfg = Release|Any CPU
		{D1005BBF-3B8D-440D-B5DF-28B937038860}.Release|Any CPU.Build.0 = Release|Any CPU
	EndGlobalSection
	GlobalSection(SolutionProperties) = preSolution
		HideSolutionNode = FALSE
	EndGlobalSection
	GlobalSection(ExtensibilityGlobals) = postSolution
		SolutionGuid = {526C8A81-C5C4-4C8E-9E35-4BE8F37365AB}
	EndGlobalSection
EndGlobal
