
Microsoft Visual Studio Solution File, Format Version 12.00
# Visual Studio Version 16
VisualStudioVersion = 16.0.29324.140
MinimumVisualStudioVersion = 10.0.40219.1
Project("{9A19103F-16F7-4668-BE54-9A1E7A4F7556}") = "Edi.TemplateEmail", "Edi.TemplateEmail\Edi.TemplateEmail.csproj", "{5E2EC6D7-ED69-4F15-928D-5E1E315B4099}"
EndProject
Project("{9A19103F-16F7-4668-BE54-9A1E7A4F7556}") = "Edi.TemplateEmail.TestConsole", "Edi.TemplateEmail.TestConsole\Edi.TemplateEmail.TestConsole.csproj", "{D1005BBF-3B8D-440D-B5DF-28B937038860}"
EndProject
Project("{2150E333-8FDC-42A3-9474-1A3956D46DE8}") = "Lib", "Lib", "{927EAD03-0E2F-4D83-88C9-9F1585A12B06}"
EndProject
Project("{2150E333-8FDC-42A3-9474-1A3956D46DE8}") = "App", "App", "{83F96BC5-AACB-40D9-B312-9459D861122F}"
EndProject
Global
	GlobalSection(SolutionConfigurationPlatforms) = preSolution
		Debug|Any CPU = Debug|Any CPU
		Release|Any CPU = Release|Any CPU
	EndGlobalSection
	GlobalSection(ProjectConfigurationPlatforms) = postSolution
		{5E2EC6D7-ED69-4F15-928D-5E1E315B4099}.Debug|Any CPU.ActiveCfg = Debug|Any CPU
		{5E2EC6D7-ED69-4F15-928D-5E1E315B4099}.Debug|Any CPU.Build.0 = Debug|Any CPU
		{5E2EC6D7-ED69-4F15-928D-5E1E315B4099}.Release|Any CPU.ActiveCfg = Release|Any CPU
		{5E2EC6D7-ED69-4F15-928D-5E1E315B4099}.Release|Any CPU.Build.0 = Release|Any CPU
		{D1005BBF-3B8D-440D-B5DF-28B937038860}.Debug|Any CPU.ActiveCfg = Debug|Any CPU
		{D1005BBF-3B8D-440D-B5DF-28B937038860}.Debug|Any CPU.Build.0 = Debug|Any CPU
		{D1005BBF-3B8D-440D-B5DF-28B937038860}.Release|Any CPU.ActiveCfg = Release|Any CPU
		{D1005BBF-3B8D-440D-B5DF-28B937038860}.Release|Any CPU.Build.0 = Release|Any CPU
	EndGlobalSection
	GlobalSection(SolutionProperties) = preSolution
		HideSolutionNode = FALSE
	EndGlobalSection
	GlobalSection(NestedProjects) = preSolution
		{5E2EC6D7-ED69-4F15-928D-5E1E315B4099} = {927EAD03-0E2F-4D83-88C9-9F1585A12B06}
		{D1005BBF-3B8D-440D-B5DF-28B937038860} = {83F96BC5-AACB-40D9-B312-9459D861122F}
	EndGlobalSection
	GlobalSection(ExtensibilityGlobals) = postSolution
		SolutionGuid = {526C8A81-C5C4-4C8E-9E35-4BE8F37365AB}
	EndGlobalSection
EndGlobal
